{
  "name": "chillybot-spaghettios-fork",
  "version": "0.9.0",
  "lockfileVersion": 2,
  "requires": true,
  "packages": {
    "": {
      "name": "chillybot-spaghettios-fork",
      "version": "0.9.0",
      "license": "ISC",
      "dependencies": {
        "ttapi": "^4.0.3"
      }
    },
    "node_modules/node-fetch": {
      "version": "2.6.1",
      "resolved": "https://registry.npmjs.org/node-fetch/-/node-fetch-2.6.1.tgz",
      "integrity": "sha512-V4aYg89jEoVRxRb2fJdAg8FHvI7cEyYdVAh94HH0UIK8oJxUfkjlDQN9RbMx+bEjP7+ggMiFRprSti032Oipxw==",
      "engines": {
        "node": "4.x || >=6.0.0"
      }
    },
    "node_modules/ttapi": {
      "version": "4.0.3",
      "resolved": "https://registry.npmjs.org/ttapi/-/ttapi-4.0.3.tgz",
      "integrity": "sha512-S1Q9yXqtsqVtESpb8HwCo+//i4Fc6OCdxiuG4ZPZVPVK1B8xcWu0ryg3i7Fp0gLFYgViqQWhT81yqR27SjkOBg==",
      "dependencies": {
        "node-fetch": "^2.6.1",
        "ws": "^7.4.3"
      },
      "engines": {
        "node": ">= 12"
      }
    },
    "node_modules/ws": {
      "version": "7.5.2",
      "resolved": "https://registry.npmjs.org/ws/-/ws-7.5.2.tgz",
      "integrity": "sha512-lkF7AWRicoB9mAgjeKbGqVUekLnSNO4VjKVnuPHpQeOxZOErX6BPXwJk70nFslRCEEA8EVW7ZjKwXaP9N+1sKQ==",
      "engines": {
        "node": ">=8.3.0"
      },
      "peerDependencies": {
        "bufferutil": "^4.0.1",
        "utf-8-validate": "^5.0.2"
      },
      "peerDependenciesMeta": {
        "bufferutil": {
          "optional": true
        },
        "utf-8-validate": {
          "optional": true
        }
      }
    }
  },
  "dependencies": {
    "node-fetch": {
      "version": "2.6.1",
      "resolved": "https://registry.npmjs.org/node-fetch/-/node-fetch-2.6.1.tgz",
      "integrity": "sha512-V4aYg89jEoVRxRb2fJdAg8FHvI7cEyYdVAh94HH0UIK8oJxUfkjlDQN9RbMx+bEjP7+ggMiFRprSti032Oipxw=="
    },
    "ttapi": {
      "version": "4.0.3",
      "resolved": "https://registry.npmjs.org/ttapi/-/ttapi-4.0.3.tgz",
      "integrity": "sha512-S1Q9yXqtsqVtESpb8HwCo+//i4Fc6OCdxiuG4ZPZVPVK1B8xcWu0ryg3i7Fp0gLFYgViqQWhT81yqR27SjkOBg==",
      "requires": {
        "node-fetch": "^2.6.1",
        "ws": "^7.4.3"
      }
    },
    "ws": {
      "version": "7.5.2",
      "resolved": "https://registry.npmjs.org/ws/-/ws-7.5.2.tgz",
      "integrity": "sha512-lkF7AWRicoB9mAgjeKbGqVUekLnSNO4VjKVnuPHpQeOxZOErX6BPXwJk70nFslRCEEA8EVW7ZjKwXaP9N+1sKQ==",
      "requires": {}
    }
  }
}
